{
  "name": "app",
  "version": "0.0.0",
  "lockfileVersion": 1,
  "dependencies": {
    "couchdb": {
      "version": "0.3.8",
      "resolved": "https://registry.npmjs.org/couchdb/-/couchdb-0.3.8.tgz",
      "integrity": "sha1-cekd5vUucQvdQkucB9zogTa86ZA=",
      "dev": true
    },
    "promised-io": {
      "version": "0.2.3",
      "resolved": "https://registry.npmjs.org/promised-io/-/promised-io-0.2.3.tgz",
      "integrity": "sha1-ZbkhnMYMHdpk0+YPhjNTaMLlbJY=",
      "dev": true
    },
    "request": {
      "version": "2.2.9",
      "resolved": "https://registry.npmjs.org/request/-/request-2.2.9.tgz",
      "integrity": "sha1-77+K+/5/HiANSDuZdStsQrQEoPE=",
      "dev": true
    }
  }
}
